
Microsoft Visual Studio Solution File, Format Version 12.00
# Visual Studio Version 16
VisualStudioVersion = 16.0.30804.86
MinimumVisualStudioVersion = 10.0.40219.1
Project("{FAE04EC0-301F-11D3-BF4B-00C04F79EFBC}") = "Seçim ve Grafik Sistemi", "Seçim ve Grafik Sistemi\Seçim ve Grafik Sistemi.csproj", "{BEC66D45-5A2D-4AF4-AD2F-D6B69DED8FD2}"
EndProject
Global
	GlobalSection(SolutionConfigurationPlatforms) = preSolution
		Debug|Any CPU = Debug|Any CPU
		Release|Any CPU = Release|Any CPU
	EndGlobalSection
	GlobalSection(ProjectConfigurationPlatforms) = postSolution
		{BEC66D45-5A2D-4AF4-AD2F-D6B69DED8FD2}.Debug|Any CPU.ActiveCfg = Debug|Any CPU
		{BEC66D45-5A2D-4AF4-AD2F-D6B69DED8FD2}.Debug|Any CPU.Build.0 = Debug|Any CPU
		{BEC66D45-5A2D-4AF4-AD2F-D6B69DED8FD2}.Release|Any CPU.ActiveCfg = Release|Any CPU
		{BEC66D45-5A2D-4AF4-AD2F-D6B69DED8FD2}.Release|Any CPU.Build.0 = Release|Any CPU
	EndGlobalSection
	GlobalSection(SolutionProperties) = preSolution
		HideSolutionNode = FALSE
	EndGlobalSection
	GlobalSection(ExtensibilityGlobals) = postSolution
		SolutionGuid = {5BF73A2D-F372-4731-AC47-EB9F3EDE5340}
	EndGlobalSection
EndGlobal
